
Microsoft Visual Studio Solution File, Format Version 10.00
# Visual C++ Express 2008
Project("{8BC9CEB8-8B4A-11D0-8D11-00A0C91BC942}") = "ConcurrentHashTableApp", "ConcurrentHashTableApp\ConcurrentHashTableApp.vcproj", "{E6494B99-8554-43CA-8631-6BD8DBDBA5B5}"
EndProject
Global
	GlobalSection(SolutionConfigurationPlatforms) = preSolution
		Debug|Win32 = Debug|Win32
		Release|Win32 = Release|Win32
	EndGlobalSection
	GlobalSection(ProjectConfigurationPlatforms) = postSolution
		{E6494B99-8554-43CA-8631-6BD8DBDBA5B5}.Debug|Win32.ActiveCfg = Debug|Win32
		{E6494B99-8554-43CA-8631-6BD8DBDBA5B5}.Debug|Win32.Build.0 = Debug|Win32
		{E6494B99-8554-43CA-8631-6BD8DBDBA5B5}.Release|Win32.ActiveCfg = Release|Win32
		{E6494B99-8554-43CA-8631-6BD8DBDBA5B5}.Release|Win32.Build.0 = Release|Win32
	EndGlobalSection
	GlobalSection(SolutionProperties) = preSolution
		HideSolutionNode = FALSE
	EndGlobalSection
EndGlobal
